lockfileVersion: '9.0'

settings:
  autoInstallPeers: true
  excludeLinksFromLockfile: false

importers:

  .:
    dependencies:
      meowtastic:
        specifier: ^0.1.0
        version: 0.1.0

packages:

  '@babel/code-frame@7.27.1':
    resolution: {integrity: sha512-cjQ7ZlQ0Mv3b47hABuTevyTuYN4i+loJKGeV9flcCgIK37cCXRh+L1bd3iBHlynerhQ7BhCkn2BPbQUL+rGqFg==}
    engines: {node: '>=6.9.0'}

  '@babel/helper-validator-identifier@7.27.1':
    resolution: {integrity: sha512-D2hP9eA+Sqx1kBZgzxZh0y1trbuU+JoDkiEwqhQ36nodYqJwyEIhPSdMNd7lOm/4io72luTPWH20Yda0xOuUow==}
    engines: {node: '>=6.9.0'}

  '@types/normalize-package-data@2.4.4':
    resolution: {integrity: sha512-37i+OaWTh9qeK4LSHPsyRC7NahnGotNuZvjLSgcPzblpHB3rrCJxAOgI5gCdKm7coonsaX1Of0ILiTcnZjbfxA==}

  chalk-pipe@6.2.0:
    resolution: {integrity: sha512-upTFnQG6XSEyJ077BFx20Yt3946xXEQrYXQvx3X6acF86vWi6DcAW2BuXTQ+4Xjxl26XsoTI4cbaceyQDTGr6w==}
    engines: {node: ^12.17.0 || ^14.13 || >=16.0.0}

  chalk@5.6.2:
    resolution: {integrity: sha512-7NzBL0rN6fMUW+f7A6Io4h40qQlG+xGmtMxfbnH/K7TAtt8JQWVQK+6g0UXKMeVJoyV5EkkNsErQ8pVD3bLHbA==}
    engines: {node: ^12.17.0 || ^14.13 || >=16.0.0}

  decamelize-keys@2.0.1:
    resolution: {integrity: sha512-nrNeSCtU2gV3Apcmn/EZ+aR20zKDuNDStV67jPiupokD3sOAFeMzslLMCFdKv1sPqzwoe5ZUhsSW9IAVgKSL/Q==}
    engines: {node: '>=14.16'}

  decamelize@6.0.1:
    resolution: {integrity: sha512-G7Cqgaelq68XHJNGlZ7lrNQyhZGsFqpwtGFexqUv4IQdjKoSYF7ipZ9UuTJZUSQXFj/XaoBLuEVIVqr8EJngEQ==}
    engines: {node: ^12.20.0 || ^14.13.1 || >=16.0.0}

  find-up-simple@1.0.1:
    resolution: {integrity: sha512-afd4O7zpqHeRyg4PfDQsXmlDe2PfdHtJt6Akt8jOWaApLOZk5JXs6VMR29lz03pRe9mpykrRCYIYxaJYcfpncQ==}
    engines: {node: '>=18'}

  hosted-git-info@7.0.2:
    resolution: {integrity: sha512-puUZAUKT5m8Zzvs72XWy3HtvVbTWljRE66cP60bxJzAqf2DgICo7lYTY2IHUmLnNpjYvw5bvmoHvPc0QO2a62w==}
    engines: {node: ^16.14.0 || >=18.0.0}

  index-to-position@1.2.0:
    resolution: {integrity: sha512-Yg7+ztRkqslMAS2iFaU+Oa4KTSidr63OsFGlOrJoW981kIYO3CGCS3wA95P1mUi/IVSJkn0D479KTJpVpvFNuw==}
    engines: {node: '>=18'}

  is-plain-obj@4.1.0:
    resolution: {integrity: sha512-+Pgi+vMuUNkJyExiMBt5IlFoMyKnr5zhJ4Uspz58WOhBF5QoIZkFyNHIbBAtHwzVAgk5RtndVNsDRN61/mmDqg==}
    engines: {node: '>=12'}

  js-tokens@4.0.0:
    resolution: {integrity: sha512-RdJUflcE3cUzKiMqQgsCu06FPu9UdIJO0beYbPhHN4k6apgJtifcoCtT9bcxOpYBtpD2kCM6Sbzg4CausW/PKQ==}

  lru-cache@10.4.3:
    resolution: {integrity: sha512-JNAzZcXrCt42VGLuYz0zfAzDfAvJWW6AfYlDBQyDV5DClI2m5sAmK+OIO7s59XfsRsWHp02jAJrRadPRGTt6SQ==}

  map-obj@4.3.0:
    resolution: {integrity: sha512-hdN1wVrZbb29eBGiGjJbeP8JbKjq1urkHJ/LIP/NY48MZ1QVXUsQBV1G1zvYFHn1XE06cwjBsOI2K3Ulnj1YXQ==}
    engines: {node: '>=8'}

  meowtastic@0.1.0:
    resolution: {integrity: sha512-KJ7JmxxBiLgRPcirKuAcVd4Mpvlynpf25F9vaEHgyA8gzeg4biIPyJXAte7dXLFTbIOlqSoYjAVV+y9ZXxmpRw==}
    engines: {node: '>=22'}

  normalize-package-data@6.0.2:
    resolution: {integrity: sha512-V6gygoYb/5EmNI+MEGrWkC+e6+Rr7mTmfHrxDbLzxQogBkgzo76rkok0Am6thgSF7Mv2nLOajAJj5vDJZEFn7g==}
    engines: {node: ^16.14.0 || >=18.0.0}

  parse-json@8.3.0:
    resolution: {integrity: sha512-ybiGyvspI+fAoRQbIPRddCcSTV9/LsJbf0e/S85VLowVGzRmokfneg2kwVW/KU5rOXrPSbF1qAKPMgNTqqROQQ==}
    engines: {node: '>=18'}

  picocolors@1.1.1:
    resolution: {integrity: sha512-xceH2snhtb5M9liqDsmEw56le376mTZkEX/jEb/RxNFyegNul7eNslCXP9FDj/Lcu0X8KEyMceP2ntpaHrDEVA==}

  quick-lru@6.1.2:
    resolution: {integrity: sha512-AAFUA5O1d83pIHEhJwWCq/RQcRukCkn/NSm2QsTEMle5f2hP0ChI2+3Xb051PZCkLryI/Ir1MVKviT2FIloaTQ==}
    engines: {node: '>=12'}

  read-package-up@11.0.0:
    resolution: {integrity: sha512-MbgfoNPANMdb4oRBNg5eqLbB2t2r+o5Ua1pNt8BqGp4I0FJZhuVSOj3PaBPni4azWuSzEdNn2evevzVmEk1ohQ==}
    engines: {node: '>=18'}

  read-pkg@9.0.1:
    resolution: {integrity: sha512-9viLL4/n1BJUCT1NXVTdS1jtm80yDEgR5T4yCelII49Mbj0v1rZdKqj7zCiYdbB0CuCgdrvHcNogAKTFPBocFA==}
    engines: {node: '>=18'}

  semver@7.7.3:
    resolution: {integrity: sha512-SdsKMrI9TdgjdweUSR9MweHA4EJ8YxHn8DFaDisvhVlUOe4BF1tLD7GAj0lIqWVl+dPb/rExr0Btby5loQm20Q==}
    engines: {node: '>=10'}
    hasBin: true

  spdx-correct@3.2.0:
    resolution: {integrity: sha512-kN9dJbvnySHULIluDHy32WHRUu3Og7B9sbY7tsFLctQkIqnMh3hErYgdMjTYuqmcXX+lK5T1lnUt3G7zNswmZA==}

  spdx-exceptions@2.5.0:
    resolution: {integrity: sha512-PiU42r+xO4UbUS1buo3LPJkjlO7430Xn5SVAhdpzzsPHsjbYVflnnFdATgabnLude+Cqu25p6N+g2lw/PFsa4w==}

  spdx-expression-parse@3.0.1:
    resolution: {integrity: sha512-cbqHunsQWnJNE6KhVSMsMeH5H/L9EpymbzqTQ3uLwNCLZ1Q481oWaofqH7nO6V07xlXwY6PhQdQ2IedWx/ZK4Q==}

  spdx-license-ids@3.0.22:
    resolution: {integrity: sha512-4PRT4nh1EImPbt2jASOKHX7PB7I+e4IWNLvkKFDxNhJlfjbYlleYQh285Z/3mPTHSAK/AvdMmw5BNNuYH8ShgQ==}

  type-fest@3.13.1:
    resolution: {integrity: sha512-tLq3bSNx+xSpwvAJnzrK0Ep5CLNWjvFTOp71URMaAEWBfRb9nnJiBoUe0tF8bI4ZFO3omgBR6NvnbzVUT3Ly4g==}
    engines: {node: '>=14.16'}

  type-fest@4.41.0:
    resolution: {integrity: sha512-TeTSQ6H5YHvpqVwBRcnLDCBnDOHWYu7IvGbHT6N8AOymcr9PJGjc1GTtiWZTYg0NCgYwvnYWEkVChQAr9bjfwA==}
    engines: {node: '>=16'}

  unicorn-magic@0.1.0:
    resolution: {integrity: sha512-lRfVq8fE8gz6QMBuDM6a+LO3IAzTi05H6gCVaUpir2E1Rwpo4ZUog45KpNXKC/Mn3Yb9UDuHumeFTo9iV/D9FQ==}
    engines: {node: '>=18'}

  validate-npm-package-license@3.0.4:
    resolution: {integrity: sha512-DpKm2Ui/xN7/HQKCtpZxoRWBhZ9Z0kqtygG8XCgNQ8ZlDnxuQmWhj566j8fN4Cu3/JmbhsDo7fcAJq4s9h27Ew==}

snapshots:

  '@babel/code-frame@7.27.1':
    dependencies:
      '@babel/helper-validator-identifier': 7.27.1
      js-tokens: 4.0.0
      picocolors: 1.1.1

  '@babel/helper-validator-identifier@7.27.1': {}

  '@types/normalize-package-data@2.4.4': {}

  chalk-pipe@6.2.0:
    dependencies:
      chalk: 5.6.2

  chalk@5.6.2: {}

  decamelize-keys@2.0.1:
    dependencies:
      decamelize: 6.0.1
      map-obj: 4.3.0
      quick-lru: 6.1.2
      type-fest: 3.13.1

  decamelize@6.0.1: {}

  find-up-simple@1.0.1: {}

  hosted-git-info@7.0.2:
    dependencies:
      lru-cache: 10.4.3

  index-to-position@1.2.0: {}

  is-plain-obj@4.1.0: {}

  js-tokens@4.0.0: {}

  lru-cache@10.4.3: {}

  map-obj@4.3.0: {}

  meowtastic@0.1.0:
    dependencies:
      chalk-pipe: 6.2.0
      decamelize: 6.0.1
      decamelize-keys: 2.0.1
      is-plain-obj: 4.1.0
      read-package-up: 11.0.0

  normalize-package-data@6.0.2:
    dependencies:
      hosted-git-info: 7.0.2
      semver: 7.7.3
      validate-npm-package-license: 3.0.4

  parse-json@8.3.0:
    dependencies:
      '@babel/code-frame': 7.27.1
      index-to-position: 1.2.0
      type-fest: 4.41.0

  picocolors@1.1.1: {}

  quick-lru@6.1.2: {}

  read-package-up@11.0.0:
    dependencies:
      find-up-simple: 1.0.1
      read-pkg: 9.0.1
      type-fest: 4.41.0

  read-pkg@9.0.1:
    dependencies:
      '@types/normalize-package-data': 2.4.4
      normalize-package-data: 6.0.2
      parse-json: 8.3.0
      type-fest: 4.41.0
      unicorn-magic: 0.1.0

  semver@7.7.3: {}

  spdx-correct@3.2.0:
    dependencies:
      spdx-expression-parse: 3.0.1
      spdx-license-ids: 3.0.22

  spdx-exceptions@2.5.0: {}

  spdx-expression-parse@3.0.1:
    dependencies:
      spdx-exceptions: 2.5.0
      spdx-license-ids: 3.0.22

  spdx-license-ids@3.0.22: {}

  type-fest@3.13.1: {}

  type-fest@4.41.0: {}

  unicorn-magic@0.1.0: {}

  validate-npm-package-license@3.0.4:
    dependencies:
      spdx-correct: 3.2.0
      spdx-expression-parse: 3.0.1
